{
	"name": "@samen/core",
	"version": "0.0.0",
	"lockfileVersion": 1,
	"requires": true,
	"dependencies": {
		"@dsherret/to-absolute-glob": {
			"version": "2.0.2",
			"resolved": "https://registry.npmjs.org/@dsherret/to-absolute-glob/-/to-absolute-glob-2.0.2.tgz",
			"integrity": "sha1-H2R13IvZdM6gei2vOGSzF7HdMyw=",
			"requires": {
				"is-absolute": "^1.0.0",
				"is-negated-glob": "^1.0.0"
			}
		},
		"@nodelib/fs.scandir": {
			"version": "2.1.3",
			"resolved": "https://registry.npmjs.org/@nodelib/fs.scandir/-/fs.scandir-2.1.3.tgz",
			"integrity": "sha512-eGmwYQn3gxo4r7jdQnkrrN6bY478C3P+a/y72IJukF8LjB6ZHeB3c+Ehacj3sYeSmUXGlnA67/PmbM9CVwL7Dw==",
			"requires": {
				"@nodelib/fs.stat": "2.0.3",
				"run-parallel": "^1.1.9"
			}
		},
		"@nodelib/fs.stat": {
			"version": "2.0.3",
			"resolved": "https://registry.npmjs.org/@nodelib/fs.stat/-/fs.stat-2.0.3.tgz",
			"integrity": "sha512-bQBFruR2TAwoevBEd/NWMoAAtNGzTRgdrqnYCc7dhzfoNvqPzLyqlEQnzZ3kVnNrSp25iyxE00/3h2fqGAGArA=="
		},
		"@nodelib/fs.walk": {
			"version": "1.2.4",
			"resolved": "https://registry.npmjs.org/@nodelib/fs.walk/-/fs.walk-1.2.4.tgz",
			"integrity": "sha512-1V9XOY4rDW0rehzbrcqAmHnz8e7SKvX27gh8Gt2WgB0+pdzdiLV83p72kZPU+jvMbS1qU5mauP2iOvO8rhmurQ==",
			"requires": {
				"@nodelib/fs.scandir": "2.1.3",
				"fastq": "^1.6.0"
			}
		},
		"@ts-morph/common": {
			"version": "0.7.0",
			"resolved": "https://registry.npmjs.org/@ts-morph/common/-/common-0.7.0.tgz",
			"integrity": "sha512-1EJYuiAjfOxrxB0VRZR4KVvPr4S7ylQv9M0IvUiBVB1HTcXAgWfineqx8n/tNIu5OhNjPQ8w9Qd7JzHbcVa64g==",
			"requires": {
				"@dsherret/to-absolute-glob": "^2.0.2",
				"fast-glob": "^3.2.4",
				"is-negated-glob": "^1.0.0",
				"mkdirp": "^1.0.4",
				"multimatch": "^5.0.0",
				"typescript": "~4.1.2"
			}
		},
		"@types/minimatch": {
			"version": "3.0.3",
			"resolved": "https://registry.npmjs.org/@types/minimatch/-/minimatch-3.0.3.tgz",
			"integrity": "sha512-tHq6qdbT9U1IRSGf14CL0pUlULksvY9OZ+5eEgl1N7t+OA3tGvNpxJCzuKQlsNgCVwbAs670L1vcVQi8j9HjnA=="
		},
		"@types/prettier": {
			"version": "2.1.5",
			"resolved": "https://registry.npmjs.org/@types/prettier/-/prettier-2.1.5.tgz",
			"integrity": "sha512-UEyp8LwZ4Dg30kVU2Q3amHHyTn1jEdhCIE59ANed76GaT1Vp76DD3ZWSAxgCrw6wJ0TqeoBpqmfUHiUDPs//HQ==",
			"dev": true
		},
		"array-differ": {
			"version": "3.0.0",
			"resolved": "https://registry.npmjs.org/array-differ/-/array-differ-3.0.0.tgz",
			"integrity": "sha512-THtfYS6KtME/yIAhKjZ2ul7XI96lQGHRputJQHO80LAWQnuGP4iCIN8vdMRboGbIEYBwU33q8Tch1os2+X0kMg=="
		},
		"array-union": {
			"version": "2.1.0",
			"resolved": "https://registry.npmjs.org/array-union/-/array-union-2.1.0.tgz",
			"integrity": "sha512-HGyxoOTYUyCM6stUe6EJgnd4EoewAI7zMdfqO+kGjnlZmBDz/cR5pf8r/cR4Wq60sL/p0IkcjUEEPwS3GFrIyw=="
		},
		"arrify": {
			"version": "2.0.1",
			"resolved": "https://registry.npmjs.org/arrify/-/arrify-2.0.1.tgz",
			"integrity": "sha512-3duEwti880xqi4eAMN8AyR4a0ByT90zoYdLlevfrvU43vb0YZwZVfxOgxWrLXXXpyugL0hNZc9G6BiB5B3nUug=="
		},
		"balanced-match": {
			"version": "1.0.0",
			"resolved": "https://registry.npmjs.org/balanced-match/-/balanced-match-1.0.0.tgz",
			"integrity": "sha1-ibTRmasr7kneFk6gK4nORi1xt2c="
		},
		"brace-expansion": {
			"version": "1.1.11",
			"resolved": "https://registry.npmjs.org/brace-expansion/-/brace-expansion-1.1.11.tgz",
			"integrity": "sha512-iCuPHDFgrHX7H2vEI/5xpz07zSHB00TpugqhmYtVmMO6518mCuRMoOYFldEBl0g187ufozdaHgWKcYFb61qGiA==",
			"requires": {
				"balanced-match": "^1.0.0",
				"concat-map": "0.0.1"
			}
		},
		"braces": {
			"version": "3.0.2",
			"resolved": "https://registry.npmjs.org/braces/-/braces-3.0.2.tgz",
			"integrity": "sha512-b8um+L1RzM3WDSzvhm6gIz1yfTbBt6YTlcEKAvsmqCZZFw46z626lVj9j1yEPW33H5H+lBQpZMP1k8l+78Ha0A==",
			"requires": {
				"fill-range": "^7.0.1"
			}
		},
		"code-block-writer": {
			"version": "10.1.1",
			"resolved": "https://registry.npmjs.org/code-block-writer/-/code-block-writer-10.1.1.tgz",
			"integrity": "sha512-67ueh2IRGst/51p0n6FvPrnRjAGHY5F8xdjkgrYE7DDzpJe6qA07RYQ9VcoUeo5ATOjSOiWpSL3SWBRRbempMw=="
		},
		"concat-map": {
			"version": "0.0.1",
			"resolved": "https://registry.npmjs.org/concat-map/-/concat-map-0.0.1.tgz",
			"integrity": "sha1-2Klr13/Wjfd5OnMDajug1UBdR3s="
		},
		"fast-glob": {
			"version": "3.2.4",
			"resolved": "https://registry.npmjs.org/fast-glob/-/fast-glob-3.2.4.tgz",
			"integrity": "sha512-kr/Oo6PX51265qeuCYsyGypiO5uJFgBS0jksyG7FUeCyQzNwYnzrNIMR1NXfkZXsMYXYLRAHgISHBz8gQcxKHQ==",
			"requires": {
				"@nodelib/fs.stat": "^2.0.2",
				"@nodelib/fs.walk": "^1.2.3",
				"glob-parent": "^5.1.0",
				"merge2": "^1.3.0",
				"micromatch": "^4.0.2",
				"picomatch": "^2.2.1"
			}
		},
		"fastq": {
			"version": "1.9.0",
			"resolved": "https://registry.npmjs.org/fastq/-/fastq-1.9.0.tgz",
			"integrity": "sha512-i7FVWL8HhVY+CTkwFxkN2mk3h+787ixS5S63eb78diVRc1MCssarHq3W5cj0av7YDSwmaV928RNag+U1etRQ7w==",
			"requires": {
				"reusify": "^1.0.4"
			}
		},
		"fill-range": {
			"version": "7.0.1",
			"resolved": "https://registry.npmjs.org/fill-range/-/fill-range-7.0.1.tgz",
			"integrity": "sha512-qOo9F+dMUmC2Lcb4BbVvnKJxTPjCm+RRpe4gDuGrzkL7mEVl/djYSu2OdQ2Pa302N4oqkSg9ir6jaLWJ2USVpQ==",
			"requires": {
				"to-regex-range": "^5.0.1"
			}
		},
		"glob-parent": {
			"version": "5.1.1",
			"resolved": "https://registry.npmjs.org/glob-parent/-/glob-parent-5.1.1.tgz",
			"integrity": "sha512-FnI+VGOpnlGHWZxthPGR+QhR78fuiK0sNLkHQv+bL9fQi57lNNdquIbna/WrfROrolq8GK5Ek6BiMwqL/voRYQ==",
			"requires": {
				"is-glob": "^4.0.1"
			}
		},
		"is-absolute": {
			"version": "1.0.0",
			"resolved": "https://registry.npmjs.org/is-absolute/-/is-absolute-1.0.0.tgz",
			"integrity": "sha512-dOWoqflvcydARa360Gvv18DZ/gRuHKi2NU/wU5X1ZFzdYfH29nkiNZsF3mp4OJ3H4yo9Mx8A/uAGNzpzPN3yBA==",
			"requires": {
				"is-relative": "^1.0.0",
				"is-windows": "^1.0.1"
			}
		},
		"is-extglob": {
			"version": "2.1.1",
			"resolved": "https://registry.npmjs.org/is-extglob/-/is-extglob-2.1.1.tgz",
			"integrity": "sha1-qIwCU1eR8C7TfHahueqXc8gz+MI="
		},
		"is-glob": {
			"version": "4.0.1",
			"resolved": "https://registry.npmjs.org/is-glob/-/is-glob-4.0.1.tgz",
			"integrity": "sha512-5G0tKtBTFImOqDnLB2hG6Bp2qcKEFduo4tZu9MT/H6NQv/ghhy30o55ufafxJ/LdH79LLs2Kfrn85TLKyA7BUg==",
			"requires": {
				"is-extglob": "^2.1.1"
			}
		},
		"is-negated-glob": {
			"version": "1.0.0",
			"resolved": "https://registry.npmjs.org/is-negated-glob/-/is-negated-glob-1.0.0.tgz",
			"integrity": "sha1-aRC8pdqMleeEtXUbl2z1oQ/uNtI="
		},
		"is-number": {
			"version": "7.0.0",
			"resolved": "https://registry.npmjs.org/is-number/-/is-number-7.0.0.tgz",
			"integrity": "sha512-41Cifkg6e8TylSpdtTpeLVMqvSBEVzTttHvERD741+pnZ8ANv0004MRL43QKPDlK9cGvNp6NZWZUBlbGXYxxng=="
		},
		"is-relative": {
			"version": "1.0.0",
			"resolved": "https://registry.npmjs.org/is-relative/-/is-relative-1.0.0.tgz",
			"integrity": "sha512-Kw/ReK0iqwKeu0MITLFuj0jbPAmEiOsIwyIXvvbfa6QfmN9pkD1M+8pdk7Rl/dTKbH34/XBFMbgD4iMJhLQbGA==",
			"requires": {
				"is-unc-path": "^1.0.0"
			}
		},
		"is-unc-path": {
			"version": "1.0.0",
			"resolved": "https://registry.npmjs.org/is-unc-path/-/is-unc-path-1.0.0.tgz",
			"integrity": "sha512-mrGpVd0fs7WWLfVsStvgF6iEJnbjDFZh9/emhRDcGWTduTfNHd9CHeUwH3gYIjdbwo4On6hunkztwOaAw0yllQ==",
			"requires": {
				"unc-path-regex": "^0.1.2"
			}
		},
		"is-windows": {
			"version": "1.0.2",
			"resolved": "https://registry.npmjs.org/is-windows/-/is-windows-1.0.2.tgz",
			"integrity": "sha512-eXK1UInq2bPmjyX6e3VHIzMLobc4J94i4AWn+Hpq3OU5KkrRC96OAcR3PRJ/pGu6m8TRnBHP9dkXQVsT/COVIA=="
		},
		"merge2": {
			"version": "1.4.1",
			"resolved": "https://registry.npmjs.org/merge2/-/merge2-1.4.1.tgz",
			"integrity": "sha512-8q7VEgMJW4J8tcfVPy8g09NcQwZdbwFEqhe/WZkoIzjn/3TGDwtOCYtXGxA3O8tPzpczCCDgv+P2P5y00ZJOOg=="
		},
		"micromatch": {
			"version": "4.0.2",
			"resolved": "https://registry.npmjs.org/micromatch/-/micromatch-4.0.2.tgz",
			"integrity": "sha512-y7FpHSbMUMoyPbYUSzO6PaZ6FyRnQOpHuKwbo1G+Knck95XVU4QAiKdGEnj5wwoS7PlOgthX/09u5iFJ+aYf5Q==",
			"requires": {
				"braces": "^3.0.1",
				"picomatch": "^2.0.5"
			}
		},
		"minimatch": {
			"version": "3.0.4",
			"resolved": "https://registry.npmjs.org/minimatch/-/minimatch-3.0.4.tgz",
			"integrity": "sha512-yJHVQEhyqPLUTgt9B83PXu6W3rx4MvvHvSUvToogpwoGDOUQ+yDrR0HRot+yOCdCO7u4hX3pWft6kWBBcqh0UA==",
			"requires": {
				"brace-expansion": "^1.1.7"
			}
		},
		"mkdirp": {
			"version": "1.0.4",
			"resolved": "https://registry.npmjs.org/mkdirp/-/mkdirp-1.0.4.tgz",
			"integrity": "sha512-vVqVZQyf3WLx2Shd0qJ9xuvqgAyKPLAiqITEtqW0oIUjzo3PePDd6fW9iFz30ef7Ysp/oiWqbhszeGWW2T6Gzw=="
		},
		"multimatch": {
			"version": "5.0.0",
			"resolved": "https://registry.npmjs.org/multimatch/-/multimatch-5.0.0.tgz",
			"integrity": "sha512-ypMKuglUrZUD99Tk2bUQ+xNQj43lPEfAeX2o9cTteAmShXy2VHDJpuwu1o0xqoKCt9jLVAvwyFKdLTPXKAfJyA==",
			"requires": {
				"@types/minimatch": "^3.0.3",
				"array-differ": "^3.0.0",
				"array-union": "^2.1.0",
				"arrify": "^2.0.1",
				"minimatch": "^3.0.4"
			}
		},
		"picomatch": {
			"version": "2.2.2",
			"resolved": "https://registry.npmjs.org/picomatch/-/picomatch-2.2.2.tgz",
			"integrity": "sha512-q0M/9eZHzmr0AulXyPwNfZjtwZ/RBZlbN3K3CErVrk50T2ASYI7Bye0EvekFY3IP1Nt2DHu0re+V2ZHIpMkuWg=="
		},
		"prettier": {
			"version": "2.2.0",
			"resolved": "https://registry.npmjs.org/prettier/-/prettier-2.2.0.tgz",
			"integrity": "sha512-yYerpkvseM4iKD/BXLYUkQV5aKt4tQPqaGW6EsZjzyu0r7sVZZNPJW4Y8MyKmicp6t42XUPcBVA+H6sB3gqndw=="
		},
		"reusify": {
			"version": "1.0.4",
			"resolved": "https://registry.npmjs.org/reusify/-/reusify-1.0.4.tgz",
			"integrity": "sha512-U9nH88a3fc/ekCF1l0/UP1IosiuIjyTh7hBvXVMHYgVcfGvt897Xguj2UOLDeI5BG2m7/uwyaLVT6fbtCwTyzw=="
		},
		"run-parallel": {
			"version": "1.1.10",
			"resolved": "https://registry.npmjs.org/run-parallel/-/run-parallel-1.1.10.tgz",
			"integrity": "sha512-zb/1OuZ6flOlH6tQyMPUrE3x3Ulxjlo9WIVXR4yVYi4H9UXQaeIsPbLn2R3O3vQCnDKkAl2qHiuocKKX4Tz/Sw=="
		},
		"to-regex-range": {
			"version": "5.0.1",
			"resolved": "https://registry.npmjs.org/to-regex-range/-/to-regex-range-5.0.1.tgz",
			"integrity": "sha512-65P7iz6X5yEr1cwcgvQxbbIw7Uk3gOy5dIdtZ4rDveLqhrdJP+Li/Hx6tyK0NEb+2GCyneCMJiGqrADCSNk8sQ==",
			"requires": {
				"is-number": "^7.0.0"
			}
		},
		"ts-morph": {
			"version": "9.0.0",
			"resolved": "https://registry.npmjs.org/ts-morph/-/ts-morph-9.0.0.tgz",
			"integrity": "sha512-uhu0I4EDTdHCMptsR1GuEZU3gSKS5p0n41EOEZ69y5klmOAHNzntI0ivcZL5Ip9+G+o8dgQScAKSHeHXN2vEDw==",
			"requires": {
				"@dsherret/to-absolute-glob": "^2.0.2",
				"@ts-morph/common": "~0.7.0",
				"code-block-writer": "^10.1.1"
			}
		},
		"typescript": {
			"version": "4.1.2",
			"resolved": "https://registry.npmjs.org/typescript/-/typescript-4.1.2.tgz",
			"integrity": "sha512-thGloWsGH3SOxv1SoY7QojKi0tc+8FnOmiarEGMbd/lar7QOEd3hvlx3Fp5y6FlDUGl9L+pd4n2e+oToGMmhRQ=="
		},
		"unc-path-regex": {
			"version": "0.1.2",
			"resolved": "https://registry.npmjs.org/unc-path-regex/-/unc-path-regex-0.1.2.tgz",
			"integrity": "sha1-5z3T17DXxe2G+6xrCufYxqadUPo="
		}
	}
}
