{
  "name": "example-project-server",
  "version": "0.7.3",
  "lockfileVersion": 1,
  "requires": true,
  "dependencies": {
    "@types/node": {
      "version": "14.14.30",
      "resolved": "https://registry.npmjs.org/@types/node/-/node-14.14.30.tgz",
      "integrity": "sha512-gUWhy8s45fQp4PqqKecsnOkdW0kt1IaKjgOIR3HPokkzTmQj9ji2wWFID5THu1MKrtO+d4s2lVrlEhXUsPXSvg=="
    },
    "typescript": {
      "version": "4.1.2",
      "resolved": "https://registry.npmjs.org/typescript/-/typescript-4.1.2.tgz",
      "integrity": "sha512-thGloWsGH3SOxv1SoY7QojKi0tc+8FnOmiarEGMbd/lar7QOEd3hvlx3Fp5y6FlDUGl9L+pd4n2e+oToGMmhRQ==",
      "dev": true
    }
  }
}
